<?xml version="1.0" encoding="utf-8"?>
<Project ToolsVersion="4.0" xmlns="http://schemas.microsoft.com/developer/msbuild/2003">
  <ItemGroup>
    <ClCompile Include="Abductor.cpp">
      <Filter>Source</Filter>
    </ClCompile>
    <ClCompile Include="AIManager.cpp">
      <Filter>Source</Filter>
    </ClCompile>
    <ClCompile Include="AssetLoader.cpp">
      <Filter>Source</Filter>
    </ClCompile>
    <ClCompile Include="Astronaut.cpp">
      <Filter>Source</Filter>
    </ClCompile>
    <ClCompile Include="Boid.cpp">
      <Filter>Source</Filter>
    </ClCompile>
    <ClCompile Include="Bullet.cpp">
      <Filter>Source</Filter>
    </ClCompile>
    <ClCompile Include="Camera.cpp">
      <Filter>Source</Filter>
    </ClCompile>
    <ClCompile Include="CollisionManager.cpp">
      <Filter>Source</Filter>
    </ClCompile>
    <ClCompile Include="ConsoleApplication2.cpp">
      <Filter>Source</Filter>
    </ClCompile>
    <ClCompile Include="Constantscpp.cpp">
      <Filter>Source</Filter>
    </ClCompile>
    <ClCompile Include="EntityFactory.cpp">
      <Filter>Source</Filter>
    </ClCompile>
    <ClCompile Include="Game.cpp">
      <Filter>Source</Filter>
    </ClCompile>
    <ClCompile Include="GameObject.cpp">
      <Filter>Source</Filter>
    </ClCompile>
    <ClCompile Include="HealthObject.cpp">
      <Filter>Source</Filter>
    </ClCompile>
    <ClCompile Include="InputManager.cpp">
      <Filter>Source</Filter>
    </ClCompile>
    <ClCompile Include="Meteor.cpp">
      <Filter>Source</Filter>
    </ClCompile>
    <ClCompile Include="Missile.cpp">
      <Filter>Source</Filter>
    </ClCompile>
    <ClCompile Include="Mutant.cpp">
      <Filter>Source</Filter>
    </ClCompile>
    <ClCompile Include="Nest.cpp">
      <Filter>Source</Filter>
    </ClCompile>
    <ClCompile Include="PhysicsManager.cpp">
      <Filter>Source</Filter>
    </ClCompile>
    <ClCompile Include="Player.cpp">
      <Filter>Source</Filter>
    </ClCompile>
    <ClCompile Include="PowerUp.cpp">
      <Filter>Source</Filter>
    </ClCompile>
    <ClCompile Include="PowerUpGenerator.cpp">
      <Filter>Source</Filter>
    </ClCompile>
    <ClCompile Include="PowerUpManager.cpp">
      <Filter>Source</Filter>
    </ClCompile>
    <ClCompile Include="stdafx.cpp">
      <Filter>Source</Filter>
    </ClCompile>
    <ClCompile Include="Terrain.cpp">
      <Filter>Source</Filter>
    </ClCompile>
    <ClCompile Include="TerrainSegment.cpp">
      <Filter>Source</Filter>
    </ClCompile>
    <ClCompile Include="Vector2D.cpp">
      <Filter>Source</Filter>
    </ClCompile>
  </ItemGroup>
  <ItemGroup>
    <ClInclude Include="Abductor.h">
      <Filter>Header Files</Filter>
    </ClInclude>
    <ClInclude Include="AIManager.h">
      <Filter>Header Files</Filter>
    </ClInclude>
    <ClInclude Include="Asset.h">
      <Filter>Header Files</Filter>
    </ClInclude>
    <ClInclude Include="AssetLoader.h">
      <Filter>Header Files</Filter>
    </ClInclude>
    <ClInclude Include="Astronaut.h">
      <Filter>Header Files</Filter>
    </ClInclude>
    <ClInclude Include="Boid.h">
      <Filter>Header Files</Filter>
    </ClInclude>
    <ClInclude Include="Bullet.h">
      <Filter>Header Files</Filter>
    </ClInclude>
    <ClInclude Include="Camera.h">
      <Filter>Header Files</Filter>
    </ClInclude>
    <ClInclude Include="CollisionManager.h">
      <Filter>Header Files</Filter>
    </ClInclude>
    <ClInclude Include="Constants.h">
      <Filter>Header Files</Filter>
    </ClInclude>
    <ClInclude Include="DamageObject.h">
      <Filter>Header Files</Filter>
    </ClInclude>
    <ClInclude Include="EntityFactory.h">
      <Filter>Header Files</Filter>
    </ClInclude>
    <ClInclude Include="EventListener.h">
      <Filter>Header Files</Filter>
    </ClInclude>
    <ClInclude Include="Game.h">
      <Filter>Header Files</Filter>
    </ClInclude>
    <ClInclude Include="GameObject.h">
      <Filter>Header Files</Filter>
    </ClInclude>
    <ClInclude Include="HealthObject.h">
      <Filter>Header Files</Filter>
    </ClInclude>
    <ClInclude Include="InputManager.h">
      <Filter>Header Files</Filter>
    </ClInclude>
    <ClInclude Include="Meteor.h">
      <Filter>Header Files</Filter>
    </ClInclude>
    <ClInclude Include="Missile.h">
      <Filter>Header Files</Filter>
    </ClInclude>
    <ClInclude Include="Mutant.h">
      <Filter>Header Files</Filter>
    </ClInclude>
    <ClInclude Include="Nest.h">
      <Filter>Header Files</Filter>
    </ClInclude>
    <ClInclude Include="PhysicsManager.h">
      <Filter>Header Files</Filter>
    </ClInclude>
    <ClInclude Include="Player.h">
      <Filter>Header Files</Filter>
    </ClInclude>
    <ClInclude Include="PowerUp.h">
      <Filter>Header Files</Filter>
    </ClInclude>
    <ClInclude Include="PowerUpGenerator.h">
      <Filter>Header Files</Filter>
    </ClInclude>
    <ClInclude Include="PowerUpManager.h">
      <Filter>Header Files</Filter>
    </ClInclude>
    <ClInclude Include="PowerUpTypes.h">
      <Filter>Header Files</Filter>
    </ClInclude>
    <ClInclude Include="SimpleTypes.h">
      <Filter>Header Files</Filter>
    </ClInclude>
    <ClInclude Include="stdafx.h">
      <Filter>Header Files</Filter>
    </ClInclude>
    <ClInclude Include="targetver.h">
      <Filter>Header Files</Filter>
    </ClInclude>
    <ClInclude Include="Terrain.h">
      <Filter>Header Files</Filter>
    </ClInclude>
    <ClInclude Include="TerrainSegment.h">
      <Filter>Header Files</Filter>
    </ClInclude>
    <ClInclude Include="Vector2D.h">
      <Filter>Header Files</Filter>
    </ClInclude>
  </ItemGroup>
  <ItemGroup>
    <Text Include="ReadMe.txt" />
  </ItemGroup>
  <ItemGroup>
    <Filter Include="Header Files">
      <UniqueIdentifier>{67a6b04b-c371-45b3-9334-30f1bf3c5b99}</UniqueIdentifier>
    </Filter>
    <Filter Include="Source">
      <UniqueIdentifier>{d37ce066-b2c6-4d08-83bf-68745dca79a0}</UniqueIdentifier>
    </Filter>
  </ItemGroup>
</Project>